
Microsoft Visual Studio Solution File, Format Version 12.00
# Visual Studio 15
VisualStudioVersion = 15.0.28307.136
MinimumVisualStudioVersion = 10.0.40219.1
Project("{2150E333-8FDC-42A3-9474-1A3956D46DE8}") = "Solution Items", "Solution Items", "{608F451A-9063-4191-AFCD-398A429CFC33}"
	ProjectSection(SolutionItems) = preProject
		README.md = README.md
	EndProjectSection
EndProject
Project("{FAE04EC0-301F-11D3-BF4B-00C04F79EFBC}") = "WebApplication", "WebApplication\WebApplication.csproj", "{0F8DBB5A-7204-4C5F-A191-AB5DB5A7AB69}"
EndProject
Global
	GlobalSection(SolutionConfigurationPlatforms) = preSolution
		Debug|Any CPU = Debug|Any CPU
		Release|Any CPU = Release|Any CPU
	EndGlobalSection
	GlobalSection(ProjectConfigurationPlatforms) = postSolution
		{0F8DBB5A-7204-4C5F-A191-AB5DB5A7AB69}.Debug|Any CPU.ActiveCfg = Debug|Any CPU
		{0F8DBB5A-7204-4C5F-A191-AB5DB5A7AB69}.Debug|Any CPU.Build.0 = Debug|Any CPU
		{0F8DBB5A-7204-4C5F-A191-AB5DB5A7AB69}.Release|Any CPU.ActiveCfg = Release|Any CPU
		{0F8DBB5A-7204-4C5F-A191-AB5DB5A7AB69}.Release|Any CPU.Build.0 = Release|Any CPU
	EndGlobalSection
	GlobalSection(SolutionProperties) = preSolution
		HideSolutionNode = FALSE
	EndGlobalSection
	GlobalSection(ExtensibilityGlobals) = postSolution
		SolutionGuid = {ECE7B0F7-28D5-4824-9D7B-8673FE3DBF04}
	EndGlobalSection
EndGlobal
